
Microsoft Visual Studio Solution File, Format Version 12.00
# Visual Studio Version 17
VisualStudioVersion = 17.3.32901.215
MinimumVisualStudioVersion = 10.0.40219.1
Project("{FAE04EC0-301F-11D3-BF4B-00C04F79EFBC}") = "WebApplication1", "WebApplication1\WebApplication1.csproj", "{3A3A557C-333A-4B28-BAD0-945192B6D951}"
EndProject
Global
	GlobalSection(SolutionConfigurationPlatforms) = preSolution
		Debug|Any CPU = Debug|Any CPU
		Release|Any CPU = Release|Any CPU
	EndGlobalSection
	GlobalSection(ProjectConfigurationPlatforms) = postSolution
		{3A3A557C-333A-4B28-BAD0-945192B6D951}.Debug|Any CPU.ActiveCfg = Debug|Any CPU
		{3A3A557C-333A-4B28-BAD0-945192B6D951}.Debug|Any CPU.Build.0 = Debug|Any CPU
		{3A3A557C-333A-4B28-BAD0-945192B6D951}.Release|Any CPU.ActiveCfg = Release|Any CPU
		{3A3A557C-333A-4B28-BAD0-945192B6D951}.Release|Any CPU.Build.0 = Release|Any CPU
	EndGlobalSection
	GlobalSection(SolutionProperties) = preSolution
		HideSolutionNode = FALSE
	EndGlobalSection
	GlobalSection(ExtensibilityGlobals) = postSolution
		SolutionGuid = {D356ABE9-3AA8-4F53-A760-87D7BE241F3F}
	EndGlobalSection
EndGlobal
